
Microsoft Visual Studio Solution File, Format Version 12.00
# Visual Studio Version 17
VisualStudioVersion = 17.1.32210.238
MinimumVisualStudioVersion = 10.0.40219.1
Project("{FAE04EC0-301F-11D3-BF4B-00C04F79EFBC}") = "Branch_practice", "Branch_practice\Branch_practice.csproj", "{34B3D7A6-867E-4267-94DE-B6F0F1512DAC}"
EndProject
Global
	GlobalSection(SolutionConfigurationPlatforms) = preSolution
		Debug|Any CPU = Debug|Any CPU
		Release|Any CPU = Release|Any CPU
	EndGlobalSection
	GlobalSection(ProjectConfigurationPlatforms) = postSolution
		{34B3D7A6-867E-4267-94DE-B6F0F1512DAC}.Debug|Any CPU.ActiveCfg = Debug|Any CPU
		{34B3D7A6-867E-4267-94DE-B6F0F1512DAC}.Debug|Any CPU.Build.0 = Debug|Any CPU
		{34B3D7A6-867E-4267-94DE-B6F0F1512DAC}.Release|Any CPU.ActiveCfg = Release|Any CPU
		{34B3D7A6-867E-4267-94DE-B6F0F1512DAC}.Release|Any CPU.Build.0 = Release|Any CPU
	EndGlobalSection
	GlobalSection(SolutionProperties) = preSolution
		HideSolutionNode = FALSE
	EndGlobalSection
	GlobalSection(ExtensibilityGlobals) = postSolution
		SolutionGuid = {F5EB31D9-C3DC-412B-9831-B9AE979FE04C}
	EndGlobalSection
EndGlobal
